
Microsoft Visual Studio Solution File, Format Version 12.00
# Visual Studio Version 16
VisualStudioVersion = 16.0.32002.261
MinimumVisualStudioVersion = 10.0.40219.1
Project("{9A19103F-16F7-4668-BE54-9A1E7A4F7556}") = "SomeCollections", "SomeCollections\SomeCollections.csproj", "{BE350654-6283-403A-ABBD-8E9824F297A2}"
EndProject
Global
	GlobalSection(SolutionConfigurationPlatforms) = preSolution
		Debug|Any CPU = Debug|Any CPU
		Release|Any CPU = Release|Any CPU
	EndGlobalSection
	GlobalSection(ProjectConfigurationPlatforms) = postSolution
		{BE350654-6283-403A-ABBD-8E9824F297A2}.Debug|Any CPU.ActiveCfg = Debug|Any CPU
		{BE350654-6283-403A-ABBD-8E9824F297A2}.Debug|Any CPU.Build.0 = Debug|Any CPU
		{BE350654-6283-403A-ABBD-8E9824F297A2}.Release|Any CPU.ActiveCfg = Release|Any CPU
		{BE350654-6283-403A-ABBD-8E9824F297A2}.Release|Any CPU.Build.0 = Release|Any CPU
	EndGlobalSection
	GlobalSection(SolutionProperties) = preSolution
		HideSolutionNode = FALSE
	EndGlobalSection
	GlobalSection(ExtensibilityGlobals) = postSolution
		SolutionGuid = {41721D53-59FD-458A-867B-FA9A7C372E17}
	EndGlobalSection
EndGlobal
